// !$*UTF8*$!
{
	archiveVersion = 1;
	classes = {
	};
	objectVersion = 56;
	objects = {

/* Begin PBXBuildFile section */
		CB02F8E92B3E9DFA00F59C6E /* Chap24.swift in Sources */ = {isa = PBXBuildFile; fileRef = CB02F8E82B3E9DFA00F59C6E /* Chap24.swift */; };
		CB02F8EB2B3EAB3E00F59C6E /* AlignmentTool.swift in Sources */ = {isa = PBXBuildFile; fileRef = CB02F8EA2B3EAB3E00F59C6E /* AlignmentTool.swift */; };
		CB02F8EE2B40198700F59C6E /* Chap25.swift in Sources */ = {isa = PBXBuildFile; fileRef = CB02F8ED2B40198700F59C6E /* Chap25.swift */; };
		CB02F8F12B4548E600F59C6E /* ListNavDemo.swift in Sources */ = {isa = PBXBuildFile; fileRef = CB02F8F02B4548E600F59C6E /* ListNavDemo.swift */; };
		CB02F8F32B45490A00F59C6E /* Car.swift in Sources */ = {isa = PBXBuildFile; fileRef = CB02F8F22B45490A00F59C6E /* Car.swift */; };
		CB02F8F82B46D16C00F59C6E /* CarAssets.xcassets in Resources */ = {isa = PBXBuildFile; fileRef = CB02F8F72B46D16C00F59C6E /* CarAssets.xcassets */; };
		CB02F8FA2B46D19900F59C6E /* carData.json in Resources */ = {isa = PBXBuildFile; fileRef = CB02F8F92B46D19900F59C6E /* carData.json */; };
		CB02F8FC2B46D2A200F59C6E /* CarData.swift in Sources */ = {isa = PBXBuildFile; fileRef = CB02F8FB2B46D2A200F59C6E /* CarData.swift */; };
		CB02F8FE2B46D5C700F59C6E /* CarStore.swift in Sources */ = {isa = PBXBuildFile; fileRef = CB02F8FD2B46D5C700F59C6E /* CarStore.swift */; };
		CB02F9002B46E27500F59C6E /* CarDetail.swift in Sources */ = {isa = PBXBuildFile; fileRef = CB02F8FF2B46E27500F59C6E /* CarDetail.swift */; };
		CB02F9022B47D3B700F59C6E /* AddNewCar.swift in Sources */ = {isa = PBXBuildFile; fileRef = CB02F9012B47D3B600F59C6E /* AddNewCar.swift */; };
		CB0706442B32F4DC00A3E149 /* DemoProjectApp.swift in Sources */ = {isa = PBXBuildFile; fileRef = CB0706432B32F4DC00A3E149 /* DemoProjectApp.swift */; };
		CB0706462B32F4DC00A3E149 /* ContentView.swift in Sources */ = {isa = PBXBuildFile; fileRef = CB0706452B32F4DC00A3E149 /* ContentView.swift */; };
		CB0706482B32F4DE00A3E149 /* Assets.xcassets in Resources */ = {isa = PBXBuildFile; fileRef = CB0706472B32F4DE00A3E149 /* Assets.xcassets */; };
		CB07064B2B32F4DE00A3E149 /* Preview Assets.xcassets in Resources */ = {isa = PBXBuildFile; fileRef = CB07064A2B32F4DE00A3E149 /* Preview Assets.xcassets */; };
		CB7F2DAE2B3545F300978B07 /* Stack_20.swift in Sources */ = {isa = PBXBuildFile; fileRef = CB7F2DAD2B3545F300978B07 /* Stack_20.swift */; };
		CB7F2DB02B3AA44100978B07 /* Chap21.swift in Sources */ = {isa = PBXBuildFile; fileRef = CB7F2DAF2B3AA44100978B07 /* Chap21.swift */; };
		CB7F2DB22B3C1F3400978B07 /* Chap22.swift in Sources */ = {isa = PBXBuildFile; fileRef = CB7F2DB12B3C1F3400978B07 /* Chap22.swift */; };
		CB7F2DB42B3D47A100978B07 /* Chap23.swift in Sources */ = {isa = PBXBuildFile; fileRef = CB7F2DB32B3D47A100978B07 /* Chap23.swift */; };
		CB7F2DB72B3D47D400978B07 /* TimerData.swift in Sources */ = {isa = PBXBuildFile; fileRef = CB7F2DB62B3D47D400978B07 /* TimerData.swift */; };
		CB7F2DB92B3D4D5B00978B07 /* SecondView.swift in Sources */ = {isa = PBXBuildFile; fileRef = CB7F2DB82B3D4D5B00978B07 /* SecondView.swift */; };
/* End PBXBuildFile section */

/* Begin PBXFileReference section */
		CB02F8E82B3E9DFA00F59C6E /* Chap24.swift */ = {isa = PBXFileReference; lastKnownFileType = sourcecode.swift; path = Chap24.swift; sourceTree = "<group>"; };
		CB02F8EA2B3EAB3E00F59C6E /* AlignmentTool.swift */ = {isa = PBXFileReference; lastKnownFileType = sourcecode.swift; path = AlignmentTool.swift; sourceTree = "<group>"; };
		CB02F8ED2B40198700F59C6E /* Chap25.swift */ = {isa = PBXFileReference; lastKnownFileType = sourcecode.swift; path = Chap25.swift; sourceTree = "<group>"; };
		CB02F8F02B4548E600F59C6E /* ListNavDemo.swift */ = {isa = PBXFileReference; lastKnownFileType = sourcecode.swift; path = ListNavDemo.swift; sourceTree = "<group>"; };
		CB02F8F22B45490A00F59C6E /* Car.swift */ = {isa = PBXFileReference; lastKnownFileType = sourcecode.swift; path = Car.swift; sourceTree = "<group>"; };
		CB02F8F72B46D16C00F59C6E /* CarAssets.xcassets */ = {isa = PBXFileReference; lastKnownFileType = folder.assetcatalog; name = CarAssets.xcassets; path = ../CarAssets.xcassets; sourceTree = "<group>"; };
		CB02F8F92B46D19900F59C6E /* carData.json */ = {isa = PBXFileReference; fileEncoding = 4; lastKnownFileType = text.json; path = carData.json; sourceTree = "<group>"; };
		CB02F8FB2B46D2A200F59C6E /* CarData.swift */ = {isa = PBXFileReference; lastKnownFileType = sourcecode.swift; path = CarData.swift; sourceTree = "<group>"; };
		CB02F8FD2B46D5C700F59C6E /* CarStore.swift */ = {isa = PBXFileReference; lastKnownFileType = sourcecode.swift; path = CarStore.swift; sourceTree = "<group>"; };
		CB02F8FF2B46E27500F59C6E /* CarDetail.swift */ = {isa = PBXFileReference; lastKnownFileType = sourcecode.swift; path = CarDetail.swift; sourceTree = "<group>"; };
		CB02F9012B47D3B600F59C6E /* AddNewCar.swift */ = {isa = PBXFileReference; lastKnownFileType = sourcecode.swift; path = AddNewCar.swift; sourceTree = "<group>"; };
		CB0706402B32F4DC00A3E149 /* DemoProject.app */ = {isa = PBXFileReference; explicitFileType = wrapper.application; includeInIndex = 0; path = DemoProject.app; sourceTree = BUILT_PRODUCTS_DIR; };
		CB0706432B32F4DC00A3E149 /* DemoProjectApp.swift */ = {isa = PBXFileReference; lastKnownFileType = sourcecode.swift; path = DemoProjectApp.swift; sourceTree = "<group>"; };
		CB0706452B32F4DC00A3E149 /* ContentView.swift */ = {isa = PBXFileReference; lastKnownFileType = sourcecode.swift; path = ContentView.swift; sourceTree = "<group>"; };
		CB0706472B32F4DE00A3E149 /* Assets.xcassets */ = {isa = PBXFileReference; lastKnownFileType = folder.assetcatalog; path = Assets.xcassets; sourceTree = "<group>"; };
		CB07064A2B32F4DE00A3E149 /* Preview Assets.xcassets */ = {isa = PBXFileReference; lastKnownFileType = folder.assetcatalog; path = "Preview Assets.xcassets"; sourceTree = "<group>"; };
		CB7F2DAD2B3545F300978B07 /* Stack_20.swift */ = {isa = PBXFileReference; lastKnownFileType = sourcecode.swift; path = Stack_20.swift; sourceTree = "<group>"; };
		CB7F2DAF2B3AA44100978B07 /* Chap21.swift */ = {isa = PBXFileReference; lastKnownFileType = sourcecode.swift; path = Chap21.swift; sourceTree = "<group>"; };
		CB7F2DB12B3C1F3400978B07 /* Chap22.swift */ = {isa = PBXFileReference; lastKnownFileType = sourcecode.swift; path = Chap22.swift; sourceTree = "<group>"; };
		CB7F2DB32B3D47A100978B07 /* Chap23.swift */ = {isa = PBXFileReference; lastKnownFileType = sourcecode.swift; path = Chap23.swift; sourceTree = "<group>"; };
		CB7F2DB62B3D47D400978B07 /* TimerData.swift */ = {isa = PBXFileReference; lastKnownFileType = sourcecode.swift; path = TimerData.swift; sourceTree = "<group>"; };
		CB7F2DB82B3D4D5B00978B07 /* SecondView.swift */ = {isa = PBXFileReference; lastKnownFileType = sourcecode.swift; path = SecondView.swift; sourceTree = "<group>"; };
/* End PBXFileReference section */

/* Begin PBXFrameworksBuildPhase section */
		CB07063D2B32F4DC00A3E149 /* Frameworks */ = {
			isa = PBXFrameworksBuildPhase;
			buildActionMask = 2147483647;
			files = (
			);
			runOnlyForDeploymentPostprocessing = 0;
		};
/* End PBXFrameworksBuildPhase section */

/* Begin PBXGroup section */
		CB02F8E72B3E9B4A00F59C6E /* Chap24 */ = {
			isa = PBXGroup;
			children = (
				CB02F8E82B3E9DFA00F59C6E /* Chap24.swift */,
				CB02F8EA2B3EAB3E00F59C6E /* AlignmentTool.swift */,
			);
			path = Chap24;
			sourceTree = "<group>";
		};
		CB02F8EC2B40197600F59C6E /* Chap25 */ = {
			isa = PBXGroup;
			children = (
				CB02F8ED2B40198700F59C6E /* Chap25.swift */,
			);
			name = Chap25;
			sourceTree = "<group>";
		};
		CB02F8EF2B4548D600F59C6E /* Chap26 */ = {
			isa = PBXGroup;
			children = (
				CB02F8F02B4548E600F59C6E /* ListNavDemo.swift */,
				CB02F8F22B45490A00F59C6E /* Car.swift */,
				CB02F8F72B46D16C00F59C6E /* CarAssets.xcassets */,
				CB02F8F92B46D19900F59C6E /* carData.json */,
				CB02F8FB2B46D2A200F59C6E /* CarData.swift */,
				CB02F8FD2B46D5C700F59C6E /* CarStore.swift */,
				CB02F8FF2B46E27500F59C6E /* CarDetail.swift */,
				CB02F9012B47D3B600F59C6E /* AddNewCar.swift */,
			);
			path = Chap26;
			sourceTree = "<group>";
		};
		CB0706372B32F4DC00A3E149 = {
			isa = PBXGroup;
			children = (
				CB0706422B32F4DC00A3E149 /* DemoProject */,
				CB0706412B32F4DC00A3E149 /* Products */,
			);
			sourceTree = "<group>";
		};
		CB0706412B32F4DC00A3E149 /* Products */ = {
			isa = PBXGroup;
			children = (
				CB0706402B32F4DC00A3E149 /* DemoProject.app */,
			);
			name = Products;
			sourceTree = "<group>";
		};
		CB0706422B32F4DC00A3E149 /* DemoProject */ = {
			isa = PBXGroup;
			children = (
				CB02F8EF2B4548D600F59C6E /* Chap26 */,
				CB02F8EC2B40197600F59C6E /* Chap25 */,
				CB02F8E72B3E9B4A00F59C6E /* Chap24 */,
				CB7F2DB52B3D47BB00978B07 /* Chap23 */,
				CB0706432B32F4DC00A3E149 /* DemoProjectApp.swift */,
				CB0706452B32F4DC00A3E149 /* ContentView.swift */,
				CB7F2DAD2B3545F300978B07 /* Stack_20.swift */,
				CB0706472B32F4DE00A3E149 /* Assets.xcassets */,
				CB0706492B32F4DE00A3E149 /* Preview Content */,
				CB7F2DAF2B3AA44100978B07 /* Chap21.swift */,
				CB7F2DB12B3C1F3400978B07 /* Chap22.swift */,
			);
			path = DemoProject;
			sourceTree = "<group>";
		};
		CB0706492B32F4DE00A3E149 /* Preview Content */ = {
			isa = PBXGroup;
			children = (
				CB07064A2B32F4DE00A3E149 /* Preview Assets.xcassets */,
			);
			path = "Preview Content";
			sourceTree = "<group>";
		};
		CB7F2DB52B3D47BB00978B07 /* Chap23 */ = {
			isa = PBXGroup;
			children = (
				CB7F2DB32B3D47A100978B07 /* Chap23.swift */,
				CB7F2DB62B3D47D400978B07 /* TimerData.swift */,
				CB7F2DB82B3D4D5B00978B07 /* SecondView.swift */,
			);
			path = Chap23;
			sourceTree = "<group>";
		};
/* End PBXGroup section */

/* Begin PBXNativeTarget section */
		CB07063F2B32F4DC00A3E149 /* DemoProject */ = {
			isa = PBXNativeTarget;
			buildConfigurationList = CB07064E2B32F4DE00A3E149 /* Build configuration list for PBXNativeTarget "DemoProject" */;
			buildPhases = (
				CB07063C2B32F4DC00A3E149 /* Sources */,
				CB07063D2B32F4DC00A3E149 /* Frameworks */,
				CB07063E2B32F4DC00A3E149 /* Resources */,
			);
			buildRules = (
			);
			dependencies = (
			);
			name = DemoProject;
			productName = DemoProject;
			productReference = CB0706402B32F4DC00A3E149 /* DemoProject.app */;
			productType = "com.apple.product-type.application";
		};
/* End PBXNativeTarget section */

/* Begin PBXProject section */
		CB0706382B32F4DC00A3E149 /* Project object */ = {
			isa = PBXProject;
			attributes = {
				BuildIndependentTargetsInParallel = 1;
				LastSwiftUpdateCheck = 1510;
				LastUpgradeCheck = 1510;
				TargetAttributes = {
					CB07063F2B32F4DC00A3E149 = {
						CreatedOnToolsVersion = 15.1;
					};
				};
			};
			buildConfigurationList = CB07063B2B32F4DC00A3E149 /* Build configuration list for PBXProject "DemoProject" */;
			compatibilityVersion = "Xcode 14.0";
			developmentRegion = en;
			hasScannedForEncodings = 0;
			knownRegions = (
				en,
				Base,
			);
			mainGroup = CB0706372B32F4DC00A3E149;
			productRefGroup = CB0706412B32F4DC00A3E149 /* Products */;
			projectDirPath = "";
			projectRoot = "";
			targets = (
				CB07063F2B32F4DC00A3E149 /* DemoProject */,
			);
		};
/* End PBXProject section */

/* Begin PBXResourcesBuildPhase section */
		CB07063E2B32F4DC00A3E149 /* Resources */ = {
			isa = PBXResourcesBuildPhase;
			buildActionMask = 2147483647;
			files = (
				CB02F8FA2B46D19900F59C6E /* carData.json in Resources */,
				CB07064B2B32F4DE00A3E149 /* Preview Assets.xcassets in Resources */,
				CB0706482B32F4DE00A3E149 /* Assets.xcassets in Resources */,
				CB02F8F82B46D16C00F59C6E /* CarAssets.xcassets in Resources */,
			);
			runOnlyForDeploymentPostprocessing = 0;
		};
/* End PBXResourcesBuildPhase section */

/* Begin PBXSourcesBuildPhase section */
		CB07063C2B32F4DC00A3E149 /* Sources */ = {
			isa = PBXSourcesBuildPhase;
			buildActionMask = 2147483647;
			files = (
				CB7F2DAE2B3545F300978B07 /* Stack_20.swift in Sources */,
				CB02F8E92B3E9DFA00F59C6E /* Chap24.swift in Sources */,
				CB7F2DB72B3D47D400978B07 /* TimerData.swift in Sources */,
				CB02F9022B47D3B700F59C6E /* AddNewCar.swift in Sources */,
				CB02F9002B46E27500F59C6E /* CarDetail.swift in Sources */,
				CB7F2DB92B3D4D5B00978B07 /* SecondView.swift in Sources */,
				CB02F8FE2B46D5C700F59C6E /* CarStore.swift in Sources */,
				CB02F8F32B45490A00F59C6E /* Car.swift in Sources */,
				CB0706462B32F4DC00A3E149 /* ContentView.swift in Sources */,
				CB7F2DB22B3C1F3400978B07 /* Chap22.swift in Sources */,
				CB7F2DB02B3AA44100978B07 /* Chap21.swift in Sources */,
				CB7F2DB42B3D47A100978B07 /* Chap23.swift in Sources */,
				CB02F8EE2B40198700F59C6E /* Chap25.swift in Sources */,
				CB02F8FC2B46D2A200F59C6E /* CarData.swift in Sources */,
				CB0706442B32F4DC00A3E149 /* DemoProjectApp.swift in Sources */,
				CB02F8F12B4548E600F59C6E /* ListNavDemo.swift in Sources */,
				CB02F8EB2B3EAB3E00F59C6E /* AlignmentTool.swift in Sources */,
			);
			runOnlyForDeploymentPostprocessing = 0;
		};
/* End PBXSourcesBuildPhase section */

/* Begin XCBuildConfiguration section */
		CB07064C2B32F4DE00A3E149 /* Debug */ = {
			isa = XCBuildConfiguration;
			buildSettings = {
				ALWAYS_SEARCH_USER_PATHS = NO;
				ASSETCATALOG_COMPILER_GENERATE_SWIFT_ASSET_SYMBOL_EXTENSIONS = YES;
				CLANG_ANALYZER_NONNULL = YES;
				CLANG_ANALYZER_NUMBER_OBJECT_CONVERSION = YES_AGGRESSIVE;
				CLANG_CXX_LANGUAGE_STANDARD = "gnu++20";
				CLANG_ENABLE_MODULES = YES;
				CLANG_ENABLE_OBJC_ARC = YES;
				CLANG_ENABLE_OBJC_WEAK = YES;
				CLANG_WARN_BLOCK_CAPTURE_AUTORELEASING = YES;
				CLANG_WARN_BOOL_CONVERSION = YES;
				CLANG_WARN_COMMA = YES;
				CLANG_WARN_CONSTANT_CONVERSION = YES;
				CLANG_WARN_DEPRECATED_OBJC_IMPLEMENTATIONS = YES;
				CLANG_WARN_DIRECT_OBJC_ISA_USAGE = YES_ERROR;
				CLANG_WARN_DOCUMENTATION_COMMENTS = YES;
				CLANG_WARN_EMPTY_BODY = YES;
				CLANG_WARN_ENUM_CONVERSION = YES;
				CLANG_WARN_INFINITE_RECURSION = YES;
				CLANG_WARN_INT_CONVERSION = YES;
				CLANG_WARN_NON_LITERAL_NULL_CONVERSION = YES;
				CLANG_WARN_OBJC_IMPLICIT_RETAIN_SELF = YES;
				CLANG_WARN_OBJC_LITERAL_CONVERSION = YES;
				CLANG_WARN_OBJC_ROOT_CLASS = YES_ERROR;
				CLANG_WARN_QUOTED_INCLUDE_IN_FRAMEWORK_HEADER = YES;
				CLANG_WARN_RANGE_LOOP_ANALYSIS = YES;
				CLANG_WARN_STRICT_PROTOTYPES = YES;
				CLANG_WARN_SUSPICIOUS_MOVE = YES;
				CLANG_WARN_UNGUARDED_AVAILABILITY = YES_AGGRESSIVE;
				CLANG_WARN_UNREACHABLE_CODE = YES;
				CLANG_WARN__DUPLICATE_METHOD_MATCH = YES;
				COPY_PHASE_STRIP = NO;
				DEBUG_INFORMATION_FORMAT = dwarf;
				ENABLE_STRICT_OBJC_MSGSEND = YES;
				ENABLE_TESTABILITY = YES;
				ENABLE_USER_SCRIPT_SANDBOXING = YES;
				GCC_C_LANGUAGE_STANDARD = gnu17;
				GCC_DYNAMIC_NO_PIC = NO;
				GCC_NO_COMMON_BLOCKS = YES;
				GCC_OPTIMIZATION_LEVEL = 0;
				GCC_PREPROCESSOR_DEFINITIONS = (
					"DEBUG=1",
					"$(inherited)",
				);
				GCC_WARN_64_TO_32_BIT_CONVERSION = YES;
				GCC_WARN_ABOUT_RETURN_TYPE = YES_ERROR;
				GCC_WARN_UNDECLARED_SELECTOR = YES;
				GCC_WARN_UNINITIALIZED_AUTOS = YES_AGGRESSIVE;
				GCC_WARN_UNUSED_FUNCTION = YES;
				GCC_WARN_UNUSED_VARIABLE = YES;
				IPHONEOS_DEPLOYMENT_TARGET = 17.2;
				LOCALIZATION_PREFERS_STRING_CATALOGS = YES;
				MTL_ENABLE_DEBUG_INFO = INCLUDE_SOURCE;
				MTL_FAST_MATH = YES;
				ONLY_ACTIVE_ARCH = YES;
				SDKROOT = iphoneos;
				SWIFT_ACTIVE_COMPILATION_CONDITIONS = "DEBUG $(inherited)";
				SWIFT_OPTIMIZATION_LEVEL = "-Onone";
			};
			name = Debug;
		};
		CB07064D2B32F4DE00A3E149 /* Release */ = {
			isa = XCBuildConfiguration;
			buildSettings = {
				ALWAYS_SEARCH_USER_PATHS = NO;
				ASSETCATALOG_COMPILER_GENERATE_SWIFT_ASSET_SYMBOL_EXTENSIONS = YES;
				CLANG_ANALYZER_NONNULL = YES;
				CLANG_ANALYZER_NUMBER_OBJECT_CONVERSION = YES_AGGRESSIVE;
				CLANG_CXX_LANGUAGE_STANDARD = "gnu++20";
				CLANG_ENABLE_MODULES = YES;
				CLANG_ENABLE_OBJC_ARC = YES;
				CLANG_ENABLE_OBJC_WEAK = YES;
				CLANG_WARN_BLOCK_CAPTURE_AUTORELEASING = YES;
				CLANG_WARN_BOOL_CONVERSION = YES;
				CLANG_WARN_COMMA = YES;
				CLANG_WARN_CONSTANT_CONVERSION = YES;
				CLANG_WARN_DEPRECATED_OBJC_IMPLEMENTATIONS = YES;
				CLANG_WARN_DIRECT_OBJC_ISA_USAGE = YES_ERROR;
				CLANG_WARN_DOCUMENTATION_COMMENTS = YES;
				CLANG_WARN_EMPTY_BODY = YES;
				CLANG_WARN_ENUM_CONVERSION = YES;
				CLANG_WARN_INFINITE_RECURSION = YES;
				CLANG_WARN_INT_CONVERSION = YES;
				CLANG_WARN_NON_LITERAL_NULL_CONVERSION = YES;
				CLANG_WARN_OBJC_IMPLICIT_RETAIN_SELF = YES;
				CLANG_WARN_OBJC_LITERAL_CONVERSION = YES;
				CLANG_WARN_OBJC_ROOT_CLASS = YES_ERROR;
				CLANG_WARN_QUOTED_INCLUDE_IN_FRAMEWORK_HEADER = YES;
				CLANG_WARN_RANGE_LOOP_ANALYSIS = YES;
				CLANG_WARN_STRICT_PROTOTYPES = YES;
				CLANG_WARN_SUSPICIOUS_MOVE = YES;
				CLANG_WARN_UNGUARDED_AVAILABILITY = YES_AGGRESSIVE;
				CLANG_WARN_UNREACHABLE_CODE = YES;
				CLANG_WARN__DUPLICATE_METHOD_MATCH = YES;
				COPY_PHASE_STRIP = NO;
				DEBUG_INFORMATION_FORMAT = "dwarf-with-dsym";
				ENABLE_NS_ASSERTIONS = NO;
				ENABLE_STRICT_OBJC_MSGSEND = YES;
				ENABLE_USER_SCRIPT_SANDBOXING = YES;
				GCC_C_LANGUAGE_STANDARD = gnu17;
				GCC_NO_COMMON_BLOCKS = YES;
				GCC_WARN_64_TO_32_BIT_CONVERSION = YES;
				GCC_WARN_ABOUT_RETURN_TYPE = YES_ERROR;
				GCC_WARN_UNDECLARED_SELECTOR = YES;
				GCC_WARN_UNINITIALIZED_AUTOS = YES_AGGRESSIVE;
				GCC_WARN_UNUSED_FUNCTION = YES;
				GCC_WARN_UNUSED_VARIABLE = YES;
				IPHONEOS_DEPLOYMENT_TARGET = 17.2;
				LOCALIZATION_PREFERS_STRING_CATALOGS = YES;
				MTL_ENABLE_DEBUG_INFO = NO;
				MTL_FAST_MATH = YES;
				SDKROOT = iphoneos;
				SWIFT_COMPILATION_MODE = wholemodule;
				VALIDATE_PRODUCT = YES;
			};
			name = Release;
		};
		CB07064F2B32F4DE00A3E149 /* Debug */ = {
			isa = XCBuildConfiguration;
			buildSettings = {
				ASSETCATALOG_COMPILER_APPICON_NAME = AppIcon;
				ASSETCATALOG_COMPILER_GLOBAL_ACCENT_COLOR_NAME = AccentColor;
				CODE_SIGN_STYLE = Automatic;
				CURRENT_PROJECT_VERSION = 1;
				DEVELOPMENT_ASSET_PATHS = "\"DemoProject/Preview Content\"";
				ENABLE_PREVIEWS = YES;
				GENERATE_INFOPLIST_FILE = YES;
				INFOPLIST_KEY_UIApplicationSceneManifest_Generation = YES;
				INFOPLIST_KEY_UIApplicationSupportsIndirectInputEvents = YES;
				INFOPLIST_KEY_UILaunchScreen_Generation = YES;
				INFOPLIST_KEY_UISupportedInterfaceOrientations_iPad = "UIInterfaceOrientationPortrait UIInterfaceOrientationPortraitUpsideDown UIInterfaceOrientationLandscapeLeft UIInterfaceOrientationLandscapeRight";
				INFOPLIST_KEY_UISupportedInterfaceOrientations_iPhone = "UIInterfaceOrientationPortrait UIInterfaceOrientationLandscapeLeft UIInterfaceOrientationLandscapeRight";
				LD_RUNPATH_SEARCH_PATHS = (
					"$(inherited)",
					"@executable_path/Frameworks",
				);
				MARKETING_VERSION = 1.0;
				PRODUCT_BUNDLE_IDENTIFIER = kr.ac.indck.hyun.DemoProject;
				PRODUCT_NAME = "$(TARGET_NAME)";
				SWIFT_EMIT_LOC_STRINGS = YES;
				SWIFT_VERSION = 5.0;
				TARGETED_DEVICE_FAMILY = "1,2";
			};
			name = Debug;
		};
		CB0706502B32F4DE00A3E149 /* Release */ = {
			isa = XCBuildConfiguration;
			buildSettings = {
				ASSETCATALOG_COMPILER_APPICON_NAME = AppIcon;
				ASSETCATALOG_COMPILER_GLOBAL_ACCENT_COLOR_NAME = AccentColor;
				CODE_SIGN_STYLE = Automatic;
				CURRENT_PROJECT_VERSION = 1;
				DEVELOPMENT_ASSET_PATHS = "\"DemoProject/Preview Content\"";
				ENABLE_PREVIEWS = YES;
				GENERATE_INFOPLIST_FILE = YES;
				INFOPLIST_KEY_UIApplicationSceneManifest_Generation = YES;
				INFOPLIST_KEY_UIApplicationSupportsIndirectInputEvents = YES;
				INFOPLIST_KEY_UILaunchScreen_Generation = YES;
				INFOPLIST_KEY_UISupportedInterfaceOrientations_iPad = "UIInterfaceOrientationPortrait UIInterfaceOrientationPortraitUpsideDown UIInterfaceOrientationLandscapeLeft UIInterfaceOrientationLandscapeRight";
				INFOPLIST_KEY_UISupportedInterfaceOrientations_iPhone = "UIInterfaceOrientationPortrait UIInterfaceOrientationLandscapeLeft UIInterfaceOrientationLandscapeRight";
				LD_RUNPATH_SEARCH_PATHS = (
					"$(inherited)",
					"@executable_path/Frameworks",
				);
				MARKETING_VERSION = 1.0;
				PRODUCT_BUNDLE_IDENTIFIER = kr.ac.indck.hyun.DemoProject;
				PRODUCT_NAME = "$(TARGET_NAME)";
				SWIFT_EMIT_LOC_STRINGS = YES;
				SWIFT_VERSION = 5.0;
				TARGETED_DEVICE_FAMILY = "1,2";
			};
			name = Release;
		};
/* End XCBuildConfiguration section */

/* Begin XCConfigurationList section */
		CB07063B2B32F4DC00A3E149 /* Build configuration list for PBXProject "DemoProject" */ = {
			isa = XCConfigurationList;
			buildConfigurations = (
				CB07064C2B32F4DE00A3E149 /* Debug */,
				CB07064D2B32F4DE00A3E149 /* Release */,
			);
			defaultConfigurationIsVisible = 0;
			defaultConfigurationName = Release;
		};
		CB07064E2B32F4DE00A3E149 /* Build configuration list for PBXNativeTarget "DemoProject" */ = {
			isa = XCConfigurationList;
			buildConfigurations = (
				CB07064F2B32F4DE00A3E149 /* Debug */,
				CB0706502B32F4DE00A3E149 /* Release */,
			);
			defaultConfigurationIsVisible = 0;
			defaultConfigurationName = Release;
		};
/* End XCConfigurationList section */
	};
	rootObject = CB0706382B32F4DC00A3E149 /* Project object */;
}
